
Microsoft Visual Studio Solution File, Format Version 12.00
# Visual Studio Version 17
VisualStudioVersion = 17.11.35312.102
MinimumVisualStudioVersion = 10.0.40219.1
Project("{FAE04EC0-301F-11D3-BF4B-00C04F79EFBC}") = "TestApiWithEfCore", "TestApiWithEfCore\TestApiWithEfCore.csproj", "{F18362F5-2206-4754-87F6-5C6D0B1EC93E}"
EndProject
Global
	GlobalSection(SolutionConfigurationPlatforms) = preSolution
		Debug|Any CPU = Debug|Any CPU
		Release|Any CPU = Release|Any CPU
	EndGlobalSection
	GlobalSection(ProjectConfigurationPlatforms) = postSolution
		{F18362F5-2206-4754-87F6-5C6D0B1EC93E}.Debug|Any CPU.ActiveCfg = Debug|Any CPU
		{F18362F5-2206-4754-87F6-5C6D0B1EC93E}.Debug|Any CPU.Build.0 = Debug|Any CPU
		{F18362F5-2206-4754-87F6-5C6D0B1EC93E}.Release|Any CPU.ActiveCfg = Release|Any CPU
		{F18362F5-2206-4754-87F6-5C6D0B1EC93E}.Release|Any CPU.Build.0 = Release|Any CPU
	EndGlobalSection
	GlobalSection(SolutionProperties) = preSolution
		HideSolutionNode = FALSE
	EndGlobalSection
	GlobalSection(ExtensibilityGlobals) = postSolution
		SolutionGuid = {A38C15A5-B68A-4034-B8EE-1F4C3172F5FE}
	EndGlobalSection
EndGlobal
